
Microsoft Visual Studio Solution File, Format Version 12.00
# Visual Studio Version 16
VisualStudioVersion = 16.0.32630.194
MinimumVisualStudioVersion = 10.0.40219.1
Project("{FAE04EC0-301F-11D3-BF4B-00C04F79EFBC}") = "engenhos-teste-tecnico-um", "engenhos-teste-tecnico-um\engenhos-teste-tecnico-um.csproj", "{966483EE-497F-46E2-A735-ACA3A6678184}"
EndProject
Global
	GlobalSection(SolutionConfigurationPlatforms) = preSolution
		Debug|Any CPU = Debug|Any CPU
		Release|Any CPU = Release|Any CPU
	EndGlobalSection
	GlobalSection(ProjectConfigurationPlatforms) = postSolution
		{966483EE-497F-46E2-A735-ACA3A6678184}.Debug|Any CPU.ActiveCfg = Debug|Any CPU
		{966483EE-497F-46E2-A735-ACA3A6678184}.Debug|Any CPU.Build.0 = Debug|Any CPU
		{966483EE-497F-46E2-A735-ACA3A6678184}.Release|Any CPU.ActiveCfg = Release|Any CPU
		{966483EE-497F-46E2-A735-ACA3A6678184}.Release|Any CPU.Build.0 = Release|Any CPU
	EndGlobalSection
	GlobalSection(SolutionProperties) = preSolution
		HideSolutionNode = FALSE
	EndGlobalSection
	GlobalSection(ExtensibilityGlobals) = postSolution
		SolutionGuid = {39ACEC7C-29EC-4A93-8033-A4F918299198}
	EndGlobalSection
EndGlobal
